// !$*UTF8*$!
{
	archiveVersion = 1;
	classes = {
	};
	objectVersion = 46;
	objects = {

/* Begin PBXBuildFile section */
		EB200B7C1ED7484C0046CFA5 /* Waffle.swift in Sources */ = {isa = PBXBuildFile; fileRef = EB200B7B1ED7484C0046CFA5 /* Waffle.swift */; };
		EBBE52531ED7473200BA4EAF /* Waffle.framework in Frameworks */ = {isa = PBXBuildFile; fileRef = EBBE52491ED7473200BA4EAF /* Waffle.framework */; };
		EBBE52581ED7473200BA4EAF /* WaffleTests.swift in Sources */ = {isa = PBXBuildFile; fileRef = EBBE52571ED7473200BA4EAF /* WaffleTests.swift */; };
		EBBE525A1ED7473200BA4EAF /* Waffle.h in Headers */ = {isa = PBXBuildFile; fileRef = EBBE524C1ED7473200BA4EAF /* Waffle.h */; settings = {ATTRIBUTES = (Public, ); }; };
/* End PBXBuildFile section */

/* Begin PBXContainerItemProxy section */
		EBBE52541ED7473200BA4EAF /* PBXContainerItemProxy */ = {
			isa = PBXContainerItemProxy;
			containerPortal = EBBE52401ED7473200BA4EAF /* Project object */;
			proxyType = 1;
			remoteGlobalIDString = EBBE52481ED7473200BA4EAF;
			remoteInfo = Waffle;
		};
/* End PBXContainerItemProxy section */

/* Begin PBXFileReference section */
		EB200B7B1ED7484C0046CFA5 /* Waffle.swift */ = {isa = PBXFileReference; fileEncoding = 4; lastKnownFileType = sourcecode.swift; path = Waffle.swift; sourceTree = "<group>"; };
		EBBE52491ED7473200BA4EAF /* Waffle.framework */ = {isa = PBXFileReference; explicitFileType = wrapper.framework; includeInIndex = 0; path = Waffle.framework; sourceTree = BUILT_PRODUCTS_DIR; };
		EBBE524C1ED7473200BA4EAF /* Waffle.h */ = {isa = PBXFileReference; lastKnownFileType = sourcecode.c.h; path = Waffle.h; sourceTree = "<group>"; };
		EBBE524D1ED7473200BA4EAF /* Info.plist */ = {isa = PBXFileReference; lastKnownFileType = text.plist.xml; path = Info.plist; sourceTree = "<group>"; };
		EBBE52521ED7473200BA4EAF /* WaffleTests.xctest */ = {isa = PBXFileReference; explicitFileType = wrapper.cfbundle; includeInIndex = 0; path = WaffleTests.xctest; sourceTree = BUILT_PRODUCTS_DIR; };
		EBBE52571ED7473200BA4EAF /* WaffleTests.swift */ = {isa = PBXFileReference; lastKnownFileType = sourcecode.swift; path = WaffleTests.swift; sourceTree = "<group>"; };
		EBBE52591ED7473200BA4EAF /* Info.plist */ = {isa = PBXFileReference; lastKnownFileType = text.plist.xml; path = Info.plist; sourceTree = "<group>"; };
/* End PBXFileReference section */

/* Begin PBXFrameworksBuildPhase section */
		EBBE52451ED7473200BA4EAF /* Frameworks */ = {
			isa = PBXFrameworksBuildPhase;
			buildActionMask = 2147483647;
			files = (
			);
			runOnlyForDeploymentPostprocessing = 0;
		};
		EBBE524F1ED7473200BA4EAF /* Frameworks */ = {
			isa = PBXFrameworksBuildPhase;
			buildActionMask = 2147483647;
			files = (
				EBBE52531ED7473200BA4EAF /* Waffle.framework in Frameworks */,
			);
			runOnlyForDeploymentPostprocessing = 0;
		};
/* End PBXFrameworksBuildPhase section */

/* Begin PBXGroup section */
		EB200B7A1ED7484C0046CFA5 /* Classes */ = {
			isa = PBXGroup;
			children = (
				EB200B7B1ED7484C0046CFA5 /* Waffle.swift */,
			);
			name = Classes;
			path = Waffle/Classes;
			sourceTree = "<group>";
		};
		EBBE523F1ED7473200BA4EAF = {
			isa = PBXGroup;
			children = (
				EB200B7A1ED7484C0046CFA5 /* Classes */,
				EBBE524B1ED7473200BA4EAF /* Waffle */,
				EBBE52561ED7473200BA4EAF /* WaffleTests */,
				EBBE524A1ED7473200BA4EAF /* Products */,
			);
			sourceTree = "<group>";
		};
		EBBE524A1ED7473200BA4EAF /* Products */ = {
			isa = PBXGroup;
			children = (
				EBBE52491ED7473200BA4EAF /* Waffle.framework */,
				EBBE52521ED7473200BA4EAF /* WaffleTests.xctest */,
			);
			name = Products;
			sourceTree = "<group>";
		};
		EBBE524B1ED7473200BA4EAF /* Waffle */ = {
			isa = PBXGroup;
			children = (
				EBBE524C1ED7473200BA4EAF /* Waffle.h */,
				EBBE524D1ED7473200BA4EAF /* Info.plist */,
			);
			path = Waffle;
			sourceTree = "<group>";
		};
		EBBE52561ED7473200BA4EAF /* WaffleTests */ = {
			isa = PBXGroup;
			children = (
				EBBE52571ED7473200BA4EAF /* WaffleTests.swift */,
				EBBE52591ED7473200BA4EAF /* Info.plist */,
			);
			path = WaffleTests;
			sourceTree = "<group>";
		};
/* End PBXGroup section */

/* Begin PBXHeadersBuildPhase section */
		EBBE52461ED7473200BA4EAF /* Headers */ = {
			isa = PBXHeadersBuildPhase;
			buildActionMask = 2147483647;
			files = (
				EBBE525A1ED7473200BA4EAF /* Waffle.h in Headers */,
			);
			runOnlyForDeploymentPostprocessing = 0;
		};
/* End PBXHeadersBuildPhase section */

/* Begin PBXNativeTarget section */
		EBBE52481ED7473200BA4EAF /* Waffle */ = {
			isa = PBXNativeTarget;
			buildConfigurationList = EBBE525D1ED7473200BA4EAF /* Build configuration list for PBXNativeTarget "Waffle" */;
			buildPhases = (
				EBBE52441ED7473200BA4EAF /* Sources */,
				EBBE52451ED7473200BA4EAF /* Frameworks */,
				EBBE52461ED7473200BA4EAF /* Headers */,
				EBBE52471ED7473200BA4EAF /* Resources */,
			);
			buildRules = (
			);
			dependencies = (
			);
			name = Waffle;
			productName = Waffle;
			productReference = EBBE52491ED7473200BA4EAF /* Waffle.framework */;
			productType = "com.apple.product-type.framework";
		};
		EBBE52511ED7473200BA4EAF /* WaffleTests */ = {
			isa = PBXNativeTarget;
			buildConfigurationList = EBBE52601ED7473200BA4EAF /* Build configuration list for PBXNativeTarget "WaffleTests" */;
			buildPhases = (
				EBBE524E1ED7473200BA4EAF /* Sources */,
				EBBE524F1ED7473200BA4EAF /* Frameworks */,
				EBBE52501ED7473200BA4EAF /* Resources */,
			);
			buildRules = (
			);
			dependencies = (
				EBBE52551ED7473200BA4EAF /* PBXTargetDependency */,
			);
			name = WaffleTests;
			productName = WaffleTests;
			productReference = EBBE52521ED7473200BA4EAF /* WaffleTests.xctest */;
			productType = "com.apple.product-type.bundle.unit-test";
		};
/* End PBXNativeTarget section */

/* Begin PBXProject section */
		EBBE52401ED7473200BA4EAF /* Project object */ = {
			isa = PBXProject;
			attributes = {
				LastSwiftUpdateCheck = 0830;
				LastUpgradeCheck = 0830;
				TargetAttributes = {
					EBBE52481ED7473200BA4EAF = {
						CreatedOnToolsVersion = 8.3.2;
						ProvisioningStyle = Automatic;
					};
					EBBE52511ED7473200BA4EAF = {
						CreatedOnToolsVersion = 8.3.2;
						ProvisioningStyle = Automatic;
					};
				};
			};
			buildConfigurationList = EBBE52431ED7473200BA4EAF /* Build configuration list for PBXProject "Waffle" */;
			compatibilityVersion = "Xcode 3.2";
			developmentRegion = English;
			hasScannedForEncodings = 0;
			knownRegions = (
				en,
			);
			mainGroup = EBBE523F1ED7473200BA4EAF;
			productRefGroup = EBBE524A1ED7473200BA4EAF /* Products */;
			projectDirPath = "";
			projectRoot = "";
			targets = (
				EBBE52481ED7473200BA4EAF /* Waffle */,
				EBBE52511ED7473200BA4EAF /* WaffleTests */,
			);
		};
/* End PBXProject section */

/* Begin PBXResourcesBuildPhase section */
		EBBE52471ED7473200BA4EAF /* Resources */ = {
			isa = PBXResourcesBuildPhase;
			buildActionMask = 2147483647;
			files = (
			);
			runOnlyForDeploymentPostprocessing = 0;
		};
		EBBE52501ED7473200BA4EAF /* Resources */ = {
			isa = PBXResourcesBuildPhase;
			buildActionMask = 2147483647;
			files = (
			);
			runOnlyForDeploymentPostprocessing = 0;
		};
/* End PBXResourcesBuildPhase section */

/* Begin PBXSourcesBuildPhase section */
		EBBE52441ED7473200BA4EAF /* Sources */ = {
			isa = PBXSourcesBuildPhase;
			buildActionMask = 2147483647;
			files = (
				EB200B7C1ED7484C0046CFA5 /* Waffle.swift in Sources */,
			);
			runOnlyForDeploymentPostprocessing = 0;
		};
		EBBE524E1ED7473200BA4EAF /* Sources */ = {
			isa = PBXSourcesBuildPhase;
			buildActionMask = 2147483647;
			files = (
				EBBE52581ED7473200BA4EAF /* WaffleTests.swift in Sources */,
			);
			runOnlyForDeploymentPostprocessing = 0;
		};
/* End PBXSourcesBuildPhase section */

/* Begin PBXTargetDependency section */
		EBBE52551ED7473200BA4EAF /* PBXTargetDependency */ = {
			isa = PBXTargetDependency;
			target = EBBE52481ED7473200BA4EAF /* Waffle */;
			targetProxy = EBBE52541ED7473200BA4EAF /* PBXContainerItemProxy */;
		};
/* End PBXTargetDependency section */

/* Begin XCBuildConfiguration section */
		EBBE525B1ED7473200BA4EAF /* Debug */ = {
			isa = XCBuildConfiguration;
			buildSettings = {
				ALWAYS_SEARCH_USER_PATHS = NO;
				CLANG_ANALYZER_NONNULL = YES;
				CLANG_ANALYZER_NUMBER_OBJECT_CONVERSION = YES_AGGRESSIVE;
				CLANG_CXX_LANGUAGE_STANDARD = "gnu++0x";
				CLANG_CXX_LIBRARY = "libc++";
				CLANG_ENABLE_MODULES = YES;
				CLANG_ENABLE_OBJC_ARC = YES;
				CLANG_WARN_BOOL_CONVERSION = YES;
				CLANG_WARN_CONSTANT_CONVERSION = YES;
				CLANG_WARN_DIRECT_OBJC_ISA_USAGE = YES_ERROR;
				CLANG_WARN_DOCUMENTATION_COMMENTS = YES;
				CLANG_WARN_EMPTY_BODY = YES;
				CLANG_WARN_ENUM_CONVERSION = YES;
				CLANG_WARN_INFINITE_RECURSION = YES;
				CLANG_WARN_INT_CONVERSION = YES;
				CLANG_WARN_OBJC_ROOT_CLASS = YES_ERROR;
				CLANG_WARN_SUSPICIOUS_MOVE = YES;
				CLANG_WARN_UNREACHABLE_CODE = YES;
				CLANG_WARN__DUPLICATE_METHOD_MATCH = YES;
				"CODE_SIGN_IDENTITY[sdk=iphoneos*]" = "iPhone Developer";
				COPY_PHASE_STRIP = NO;
				CURRENT_PROJECT_VERSION = 1;
				DEBUG_INFORMATION_FORMAT = dwarf;
				ENABLE_STRICT_OBJC_MSGSEND = YES;
				ENABLE_TESTABILITY = YES;
				GCC_C_LANGUAGE_STANDARD = gnu99;
				GCC_DYNAMIC_NO_PIC = NO;
				GCC_NO_COMMON_BLOCKS = YES;
				GCC_OPTIMIZATION_LEVEL = 0;
				GCC_PREPROCESSOR_DEFINITIONS = (
					"DEBUG=1",
					"$(inherited)",
				);
				GCC_WARN_64_TO_32_BIT_CONVERSION = YES;
				GCC_WARN_ABOUT_RETURN_TYPE = YES_ERROR;
				GCC_WARN_UNDECLARED_SELECTOR = YES;
				GCC_WARN_UNINITIALIZED_AUTOS = YES_AGGRESSIVE;
				GCC_WARN_UNUSED_FUNCTION = YES;
				GCC_WARN_UNUSED_VARIABLE = YES;
				IPHONEOS_DEPLOYMENT_TARGET = 10.3;
				MTL_ENABLE_DEBUG_INFO = YES;
				ONLY_ACTIVE_ARCH = YES;
				SDKROOT = iphoneos;
				SWIFT_ACTIVE_COMPILATION_CONDITIONS = DEBUG;
				SWIFT_OPTIMIZATION_LEVEL = "-Onone";
				TARGETED_DEVICE_FAMILY = "1,2";
				VERSIONING_SYSTEM = "apple-generic";
				VERSION_INFO_PREFIX = "";
			};
			name = Debug;
		};
		EBBE525C1ED7473200BA4EAF /* Release */ = {
			isa = XCBuildConfiguration;
			buildSettings = {
				ALWAYS_SEARCH_USER_PATHS = NO;
				CLANG_ANALYZER_NONNULL = YES;
				CLANG_ANALYZER_NUMBER_OBJECT_CONVERSION = YES_AGGRESSIVE;
				CLANG_CXX_LANGUAGE_STANDARD = "gnu++0x";
				CLANG_CXX_LIBRARY = "libc++";
				CLANG_ENABLE_MODULES = YES;
				CLANG_ENABLE_OBJC_ARC = YES;
				CLANG_WARN_BOOL_CONVERSION = YES;
				CLANG_WARN_CONSTANT_CONVERSION = YES;
				CLANG_WARN_DIRECT_OBJC_ISA_USAGE = YES_ERROR;
				CLANG_WARN_DOCUMENTATION_COMMENTS = YES;
				CLANG_WARN_EMPTY_BODY = YES;
				CLANG_WARN_ENUM_CONVERSION = YES;
				CLANG_WARN_INFINITE_RECURSION = YES;
				CLANG_WARN_INT_CONVERSION = YES;
				CLANG_WARN_OBJC_ROOT_CLASS = YES_ERROR;
				CLANG_WARN_SUSPICIOUS_MOVE = YES;
				CLANG_WARN_UNREACHABLE_CODE = YES;
				CLANG_WARN__DUPLICATE_METHOD_MATCH = YES;
				"CODE_SIGN_IDENTITY[sdk=iphoneos*]" = "iPhone Developer";
				COPY_PHASE_STRIP = NO;
				CURRENT_PROJECT_VERSION = 1;
				DEBUG_INFORMATION_FORMAT = "dwarf-with-dsym";
				ENABLE_NS_ASSERTIONS = NO;
				ENABLE_STRICT_OBJC_MSGSEND = YES;
				GCC_C_LANGUAGE_STANDARD = gnu99;
				GCC_NO_COMMON_BLOCKS = YES;
				GCC_WARN_64_TO_32_BIT_CONVERSION = YES;
				GCC_WARN_ABOUT_RETURN_TYPE = YES_ERROR;
				GCC_WARN_UNDECLARED_SELECTOR = YES;
				GCC_WARN_UNINITIALIZED_AUTOS = YES_AGGRESSIVE;
				GCC_WARN_UNUSED_FUNCTION = YES;
				GCC_WARN_UNUSED_VARIABLE = YES;
				IPHONEOS_DEPLOYMENT_TARGET = 10.3;
				MTL_ENABLE_DEBUG_INFO = NO;
				SDKROOT = iphoneos;
				SWIFT_OPTIMIZATION_LEVEL = "-Owholemodule";
				TARGETED_DEVICE_FAMILY = "1,2";
				VALIDATE_PRODUCT = YES;
				VERSIONING_SYSTEM = "apple-generic";
				VERSION_INFO_PREFIX = "";
			};
			name = Release;
		};
		EBBE525E1ED7473200BA4EAF /* Debug */ = {
			isa = XCBuildConfiguration;
			buildSettings = {
				CODE_SIGN_IDENTITY = "";
				DEFINES_MODULE = YES;
				DYLIB_COMPATIBILITY_VERSION = 1;
				DYLIB_CURRENT_VERSION = 1;
				DYLIB_INSTALL_NAME_BASE = "@rpath";
				INFOPLIST_FILE = Waffle/Info.plist;
				INSTALL_PATH = "$(LOCAL_LIBRARY_DIR)/Frameworks";
				LD_RUNPATH_SEARCH_PATHS = "$(inherited) @executable_path/Frameworks @loader_path/Frameworks";
				PRODUCT_BUNDLE_IDENTIFIER = com.codereaper.Waffle;
				PRODUCT_NAME = "$(TARGET_NAME)";
				SKIP_INSTALL = YES;
				SWIFT_VERSION = 3.0;
			};
			name = Debug;
		};
		EBBE525F1ED7473200BA4EAF /* Release */ = {
			isa = XCBuildConfiguration;
			buildSettings = {
				CODE_SIGN_IDENTITY = "";
				DEFINES_MODULE = YES;
				DYLIB_COMPATIBILITY_VERSION = 1;
				DYLIB_CURRENT_VERSION = 1;
				DYLIB_INSTALL_NAME_BASE = "@rpath";
				INFOPLIST_FILE = Waffle/Info.plist;
				INSTALL_PATH = "$(LOCAL_LIBRARY_DIR)/Frameworks";
				LD_RUNPATH_SEARCH_PATHS = "$(inherited) @executable_path/Frameworks @loader_path/Frameworks";
				PRODUCT_BUNDLE_IDENTIFIER = com.codereaper.Waffle;
				PRODUCT_NAME = "$(TARGET_NAME)";
				SKIP_INSTALL = YES;
				SWIFT_VERSION = 3.0;
			};
			name = Release;
		};
		EBBE52611ED7473200BA4EAF /* Debug */ = {
			isa = XCBuildConfiguration;
			buildSettings = {
				ALWAYS_EMBED_SWIFT_STANDARD_LIBRARIES = YES;
				INFOPLIST_FILE = WaffleTests/Info.plist;
				LD_RUNPATH_SEARCH_PATHS = "$(inherited) @executable_path/Frameworks @loader_path/Frameworks";
				PRODUCT_BUNDLE_IDENTIFIER = com.codereaper.WaffleTests;
				PRODUCT_NAME = "$(TARGET_NAME)";
				SWIFT_VERSION = 3.0;
			};
			name = Debug;
		};
		EBBE52621ED7473200BA4EAF /* Release */ = {
			isa = XCBuildConfiguration;
			buildSettings = {
				ALWAYS_EMBED_SWIFT_STANDARD_LIBRARIES = YES;
				INFOPLIST_FILE = WaffleTests/Info.plist;
				LD_RUNPATH_SEARCH_PATHS = "$(inherited) @executable_path/Frameworks @loader_path/Frameworks";
				PRODUCT_BUNDLE_IDENTIFIER = com.codereaper.WaffleTests;
				PRODUCT_NAME = "$(TARGET_NAME)";
				SWIFT_VERSION = 3.0;
			};
			name = Release;
		};
/* End XCBuildConfiguration section */

/* Begin XCConfigurationList section */
		EBBE52431ED7473200BA4EAF /* Build configuration list for PBXProject "Waffle" */ = {
			isa = XCConfigurationList;
			buildConfigurations = (
				EBBE525B1ED7473200BA4EAF /* Debug */,
				EBBE525C1ED7473200BA4EAF /* Release */,
			);
			defaultConfigurationIsVisible = 0;
			defaultConfigurationName = Release;
		};
		EBBE525D1ED7473200BA4EAF /* Build configuration list for PBXNativeTarget "Waffle" */ = {
			isa = XCConfigurationList;
			buildConfigurations = (
				EBBE525E1ED7473200BA4EAF /* Debug */,
				EBBE525F1ED7473200BA4EAF /* Release */,
			);
			defaultConfigurationIsVisible = 0;
			defaultConfigurationName = Release;
		};
		EBBE52601ED7473200BA4EAF /* Build configuration list for PBXNativeTarget "WaffleTests" */ = {
			isa = XCConfigurationList;
			buildConfigurations = (
				EBBE52611ED7473200BA4EAF /* Debug */,
				EBBE52621ED7473200BA4EAF /* Release */,
			);
			defaultConfigurationIsVisible = 0;
			defaultConfigurationName = Release;
		};
/* End XCConfigurationList section */
	};
	rootObject = EBBE52401ED7473200BA4EAF /* Project object */;
}
