// !$*UTF8*$!
{
	archiveVersion = 1;
	classes = {
	};
	objectVersion = 46;
	objects = {

/* Begin PBXBuildFile section */
		EB3142AF1ED6FA7700FAE984 /* Waffle.swift in Sources */ = {isa = PBXBuildFile; fileRef = EB3142AE1ED6FA7700FAE984 /* Waffle.swift */; };
		EBB79D331ED6F7ED0037085E /* AppDelegate.swift in Sources */ = {isa = PBXBuildFile; fileRef = EBB79D321ED6F7ED0037085E /* AppDelegate.swift */; };
		EBB79D351ED6F7ED0037085E /* ViewController.swift in Sources */ = {isa = PBXBuildFile; fileRef = EBB79D341ED6F7ED0037085E /* ViewController.swift */; };
		EBB79D381ED6F7ED0037085E /* Main.storyboard in Resources */ = {isa = PBXBuildFile; fileRef = EBB79D361ED6F7ED0037085E /* Main.storyboard */; };
		EBB79D3A1ED6F7ED0037085E /* Assets.xcassets in Resources */ = {isa = PBXBuildFile; fileRef = EBB79D391ED6F7ED0037085E /* Assets.xcassets */; };
		EBB79D3D1ED6F7ED0037085E /* LaunchScreen.storyboard in Resources */ = {isa = PBXBuildFile; fileRef = EBB79D3B1ED6F7ED0037085E /* LaunchScreen.storyboard */; };
		EBB79D481ED6F7EE0037085E /* WaffleTests.swift in Sources */ = {isa = PBXBuildFile; fileRef = EBB79D471ED6F7EE0037085E /* WaffleTests.swift */; };
/* End PBXBuildFile section */

/* Begin PBXContainerItemProxy section */
		EBB79D441ED6F7EE0037085E /* PBXContainerItemProxy */ = {
			isa = PBXContainerItemProxy;
			containerPortal = EBB79D271ED6F7ED0037085E /* Project object */;
			proxyType = 1;
			remoteGlobalIDString = EBB79D2E1ED6F7ED0037085E;
			remoteInfo = Waffle;
		};
/* End PBXContainerItemProxy section */

/* Begin PBXFileReference section */
		EB3142AE1ED6FA7700FAE984 /* Waffle.swift */ = {isa = PBXFileReference; fileEncoding = 4; lastKnownFileType = sourcecode.swift; path = Waffle.swift; sourceTree = "<group>"; };
		EBB79D2F1ED6F7ED0037085E /* Waffle.app */ = {isa = PBXFileReference; explicitFileType = wrapper.application; includeInIndex = 0; path = Waffle.app; sourceTree = BUILT_PRODUCTS_DIR; };
		EBB79D321ED6F7ED0037085E /* AppDelegate.swift */ = {isa = PBXFileReference; lastKnownFileType = sourcecode.swift; path = AppDelegate.swift; sourceTree = "<group>"; };
		EBB79D341ED6F7ED0037085E /* ViewController.swift */ = {isa = PBXFileReference; lastKnownFileType = sourcecode.swift; path = ViewController.swift; sourceTree = "<group>"; };
		EBB79D371ED6F7ED0037085E /* Base */ = {isa = PBXFileReference; lastKnownFileType = file.storyboard; name = Base; path = Base.lproj/Main.storyboard; sourceTree = "<group>"; };
		EBB79D391ED6F7ED0037085E /* Assets.xcassets */ = {isa = PBXFileReference; lastKnownFileType = folder.assetcatalog; path = Assets.xcassets; sourceTree = "<group>"; };
		EBB79D3C1ED6F7ED0037085E /* Base */ = {isa = PBXFileReference; lastKnownFileType = file.storyboard; name = Base; path = Base.lproj/LaunchScreen.storyboard; sourceTree = "<group>"; };
		EBB79D3E1ED6F7ED0037085E /* Info.plist */ = {isa = PBXFileReference; lastKnownFileType = text.plist.xml; path = Info.plist; sourceTree = "<group>"; };
		EBB79D431ED6F7EE0037085E /* WaffleTests.xctest */ = {isa = PBXFileReference; explicitFileType = wrapper.cfbundle; includeInIndex = 0; path = WaffleTests.xctest; sourceTree = BUILT_PRODUCTS_DIR; };
		EBB79D471ED6F7EE0037085E /* WaffleTests.swift */ = {isa = PBXFileReference; lastKnownFileType = sourcecode.swift; path = WaffleTests.swift; sourceTree = "<group>"; };
		EBB79D491ED6F7EE0037085E /* Info.plist */ = {isa = PBXFileReference; lastKnownFileType = text.plist.xml; path = Info.plist; sourceTree = "<group>"; };
/* End PBXFileReference section */

/* Begin PBXFrameworksBuildPhase section */
		EBB79D2C1ED6F7ED0037085E /* Frameworks */ = {
			isa = PBXFrameworksBuildPhase;
			buildActionMask = 2147483647;
			files = (
			);
			runOnlyForDeploymentPostprocessing = 0;
		};
		EBB79D401ED6F7EE0037085E /* Frameworks */ = {
			isa = PBXFrameworksBuildPhase;
			buildActionMask = 2147483647;
			files = (
			);
			runOnlyForDeploymentPostprocessing = 0;
		};
/* End PBXFrameworksBuildPhase section */

/* Begin PBXGroup section */
		EB3142AD1ED6FA7700FAE984 /* Classes */ = {
			isa = PBXGroup;
			children = (
				EB3142AE1ED6FA7700FAE984 /* Waffle.swift */,
			);
			path = Classes;
			sourceTree = "<group>";
		};
		EBB79D261ED6F7ED0037085E = {
			isa = PBXGroup;
			children = (
				EBB79D311ED6F7ED0037085E /* Waffle */,
				EBB79D461ED6F7EE0037085E /* WaffleTests */,
				EBB79D301ED6F7ED0037085E /* Products */,
			);
			sourceTree = "<group>";
		};
		EBB79D301ED6F7ED0037085E /* Products */ = {
			isa = PBXGroup;
			children = (
				EBB79D2F1ED6F7ED0037085E /* Waffle.app */,
				EBB79D431ED6F7EE0037085E /* WaffleTests.xctest */,
			);
			name = Products;
			sourceTree = "<group>";
		};
		EBB79D311ED6F7ED0037085E /* Waffle */ = {
			isa = PBXGroup;
			children = (
				EBB79D321ED6F7ED0037085E /* AppDelegate.swift */,
				EBB79D391ED6F7ED0037085E /* Assets.xcassets */,
				EB3142AD1ED6FA7700FAE984 /* Classes */,
				EBB79D3E1ED6F7ED0037085E /* Info.plist */,
				EBB79D3B1ED6F7ED0037085E /* LaunchScreen.storyboard */,
				EBB79D361ED6F7ED0037085E /* Main.storyboard */,
				EBB79D341ED6F7ED0037085E /* ViewController.swift */,
			);
			path = Waffle;
			sourceTree = "<group>";
		};
		EBB79D461ED6F7EE0037085E /* WaffleTests */ = {
			isa = PBXGroup;
			children = (
				EBB79D471ED6F7EE0037085E /* WaffleTests.swift */,
				EBB79D491ED6F7EE0037085E /* Info.plist */,
			);
			path = WaffleTests;
			sourceTree = "<group>";
		};
/* End PBXGroup section */

/* Begin PBXNativeTarget section */
		EBB79D2E1ED6F7ED0037085E /* Waffle */ = {
			isa = PBXNativeTarget;
			buildConfigurationList = EBB79D4C1ED6F7EE0037085E /* Build configuration list for PBXNativeTarget "Waffle" */;
			buildPhases = (
				EBBE523E1ED73CB900BA4EAF /* Linting */,
				EBB79D2B1ED6F7ED0037085E /* Sources */,
				EBB79D2C1ED6F7ED0037085E /* Frameworks */,
				EBB79D2D1ED6F7ED0037085E /* Resources */,
			);
			buildRules = (
			);
			dependencies = (
			);
			name = Waffle;
			productName = Waffle;
			productReference = EBB79D2F1ED6F7ED0037085E /* Waffle.app */;
			productType = "com.apple.product-type.application";
		};
		EBB79D421ED6F7EE0037085E /* WaffleTests */ = {
			isa = PBXNativeTarget;
			buildConfigurationList = EBB79D4F1ED6F7EE0037085E /* Build configuration list for PBXNativeTarget "WaffleTests" */;
			buildPhases = (
				EBB79D3F1ED6F7EE0037085E /* Sources */,
				EBB79D401ED6F7EE0037085E /* Frameworks */,
				EBB79D411ED6F7EE0037085E /* Resources */,
			);
			buildRules = (
			);
			dependencies = (
				EBB79D451ED6F7EE0037085E /* PBXTargetDependency */,
			);
			name = WaffleTests;
			productName = WaffleTests;
			productReference = EBB79D431ED6F7EE0037085E /* WaffleTests.xctest */;
			productType = "com.apple.product-type.bundle.unit-test";
		};
/* End PBXNativeTarget section */

/* Begin PBXProject section */
		EBB79D271ED6F7ED0037085E /* Project object */ = {
			isa = PBXProject;
			attributes = {
				LastSwiftUpdateCheck = 0830;
				LastUpgradeCheck = 0830;
				TargetAttributes = {
					EBB79D2E1ED6F7ED0037085E = {
						CreatedOnToolsVersion = 8.3.2;
						ProvisioningStyle = Automatic;
					};
					EBB79D421ED6F7EE0037085E = {
						CreatedOnToolsVersion = 8.3.2;
						ProvisioningStyle = Automatic;
						TestTargetID = EBB79D2E1ED6F7ED0037085E;
					};
				};
			};
			buildConfigurationList = EBB79D2A1ED6F7ED0037085E /* Build configuration list for PBXProject "Waffle" */;
			compatibilityVersion = "Xcode 3.2";
			developmentRegion = English;
			hasScannedForEncodings = 0;
			knownRegions = (
				en,
				Base,
			);
			mainGroup = EBB79D261ED6F7ED0037085E;
			productRefGroup = EBB79D301ED6F7ED0037085E /* Products */;
			projectDirPath = "";
			projectRoot = "";
			targets = (
				EBB79D2E1ED6F7ED0037085E /* Waffle */,
				EBB79D421ED6F7EE0037085E /* WaffleTests */,
			);
		};
/* End PBXProject section */

/* Begin PBXResourcesBuildPhase section */
		EBB79D2D1ED6F7ED0037085E /* Resources */ = {
			isa = PBXResourcesBuildPhase;
			buildActionMask = 2147483647;
			files = (
				EBB79D3D1ED6F7ED0037085E /* LaunchScreen.storyboard in Resources */,
				EBB79D3A1ED6F7ED0037085E /* Assets.xcassets in Resources */,
				EBB79D381ED6F7ED0037085E /* Main.storyboard in Resources */,
			);
			runOnlyForDeploymentPostprocessing = 0;
		};
		EBB79D411ED6F7EE0037085E /* Resources */ = {
			isa = PBXResourcesBuildPhase;
			buildActionMask = 2147483647;
			files = (
			);
			runOnlyForDeploymentPostprocessing = 0;
		};
/* End PBXResourcesBuildPhase section */

/* Begin PBXShellScriptBuildPhase section */
		EBBE523E1ED73CB900BA4EAF /* Linting */ = {
			isa = PBXShellScriptBuildPhase;
			buildActionMask = 2147483647;
			files = (
			);
			inputPaths = (
			);
			name = Linting;
			outputPaths = (
			);
			runOnlyForDeploymentPostprocessing = 0;
			shellPath = /bin/sh;
			shellScript = "if which swiftlint >/dev/null; then\n    swiftlint\nelse\n    echo \"warning: SwiftLint is not installed - try brew install swiftlint\"\nfi";
		};
/* End PBXShellScriptBuildPhase section */

/* Begin PBXSourcesBuildPhase section */
		EBB79D2B1ED6F7ED0037085E /* Sources */ = {
			isa = PBXSourcesBuildPhase;
			buildActionMask = 2147483647;
			files = (
				EBB79D351ED6F7ED0037085E /* ViewController.swift in Sources */,
				EBB79D331ED6F7ED0037085E /* AppDelegate.swift in Sources */,
				EB3142AF1ED6FA7700FAE984 /* Waffle.swift in Sources */,
			);
			runOnlyForDeploymentPostprocessing = 0;
		};
		EBB79D3F1ED6F7EE0037085E /* Sources */ = {
			isa = PBXSourcesBuildPhase;
			buildActionMask = 2147483647;
			files = (
				EBB79D481ED6F7EE0037085E /* WaffleTests.swift in Sources */,
			);
			runOnlyForDeploymentPostprocessing = 0;
		};
/* End PBXSourcesBuildPhase section */

/* Begin PBXTargetDependency section */
		EBB79D451ED6F7EE0037085E /* PBXTargetDependency */ = {
			isa = PBXTargetDependency;
			target = EBB79D2E1ED6F7ED0037085E /* Waffle */;
			targetProxy = EBB79D441ED6F7EE0037085E /* PBXContainerItemProxy */;
		};
/* End PBXTargetDependency section */

/* Begin PBXVariantGroup section */
		EBB79D361ED6F7ED0037085E /* Main.storyboard */ = {
			isa = PBXVariantGroup;
			children = (
				EBB79D371ED6F7ED0037085E /* Base */,
			);
			name = Main.storyboard;
			sourceTree = "<group>";
		};
		EBB79D3B1ED6F7ED0037085E /* LaunchScreen.storyboard */ = {
			isa = PBXVariantGroup;
			children = (
				EBB79D3C1ED6F7ED0037085E /* Base */,
			);
			name = LaunchScreen.storyboard;
			sourceTree = "<group>";
		};
/* End PBXVariantGroup section */

/* Begin XCBuildConfiguration section */
		EBB79D4A1ED6F7EE0037085E /* Debug */ = {
			isa = XCBuildConfiguration;
			buildSettings = {
				ALWAYS_SEARCH_USER_PATHS = NO;
				CLANG_ANALYZER_NONNULL = YES;
				CLANG_ANALYZER_NUMBER_OBJECT_CONVERSION = YES_AGGRESSIVE;
				CLANG_CXX_LANGUAGE_STANDARD = "gnu++0x";
				CLANG_CXX_LIBRARY = "libc++";
				CLANG_ENABLE_MODULES = YES;
				CLANG_ENABLE_OBJC_ARC = YES;
				CLANG_WARN_BOOL_CONVERSION = YES;
				CLANG_WARN_CONSTANT_CONVERSION = YES;
				CLANG_WARN_DIRECT_OBJC_ISA_USAGE = YES_ERROR;
				CLANG_WARN_DOCUMENTATION_COMMENTS = YES;
				CLANG_WARN_EMPTY_BODY = YES;
				CLANG_WARN_ENUM_CONVERSION = YES;
				CLANG_WARN_INFINITE_RECURSION = YES;
				CLANG_WARN_INT_CONVERSION = YES;
				CLANG_WARN_OBJC_ROOT_CLASS = YES_ERROR;
				CLANG_WARN_SUSPICIOUS_MOVE = YES;
				CLANG_WARN_UNREACHABLE_CODE = YES;
				CLANG_WARN__DUPLICATE_METHOD_MATCH = YES;
				"CODE_SIGN_IDENTITY[sdk=iphoneos*]" = "iPhone Developer";
				COPY_PHASE_STRIP = NO;
				DEBUG_INFORMATION_FORMAT = dwarf;
				ENABLE_STRICT_OBJC_MSGSEND = YES;
				ENABLE_TESTABILITY = YES;
				GCC_C_LANGUAGE_STANDARD = gnu99;
				GCC_DYNAMIC_NO_PIC = NO;
				GCC_NO_COMMON_BLOCKS = YES;
				GCC_OPTIMIZATION_LEVEL = 0;
				GCC_PREPROCESSOR_DEFINITIONS = (
					"DEBUG=1",
					"$(inherited)",
				);
				GCC_WARN_64_TO_32_BIT_CONVERSION = YES;
				GCC_WARN_ABOUT_RETURN_TYPE = YES_ERROR;
				GCC_WARN_UNDECLARED_SELECTOR = YES;
				GCC_WARN_UNINITIALIZED_AUTOS = YES_AGGRESSIVE;
				GCC_WARN_UNUSED_FUNCTION = YES;
				GCC_WARN_UNUSED_VARIABLE = YES;
				IPHONEOS_DEPLOYMENT_TARGET = 10.3;
				MTL_ENABLE_DEBUG_INFO = YES;
				ONLY_ACTIVE_ARCH = YES;
				SDKROOT = iphoneos;
				SWIFT_ACTIVE_COMPILATION_CONDITIONS = DEBUG;
				SWIFT_OPTIMIZATION_LEVEL = "-Onone";
				TARGETED_DEVICE_FAMILY = "1,2";
			};
			name = Debug;
		};
		EBB79D4B1ED6F7EE0037085E /* Release */ = {
			isa = XCBuildConfiguration;
			buildSettings = {
				ALWAYS_SEARCH_USER_PATHS = NO;
				CLANG_ANALYZER_NONNULL = YES;
				CLANG_ANALYZER_NUMBER_OBJECT_CONVERSION = YES_AGGRESSIVE;
				CLANG_CXX_LANGUAGE_STANDARD = "gnu++0x";
				CLANG_CXX_LIBRARY = "libc++";
				CLANG_ENABLE_MODULES = YES;
				CLANG_ENABLE_OBJC_ARC = YES;
				CLANG_WARN_BOOL_CONVERSION = YES;
				CLANG_WARN_CONSTANT_CONVERSION = YES;
				CLANG_WARN_DIRECT_OBJC_ISA_USAGE = YES_ERROR;
				CLANG_WARN_DOCUMENTATION_COMMENTS = YES;
				CLANG_WARN_EMPTY_BODY = YES;
				CLANG_WARN_ENUM_CONVERSION = YES;
				CLANG_WARN_INFINITE_RECURSION = YES;
				CLANG_WARN_INT_CONVERSION = YES;
				CLANG_WARN_OBJC_ROOT_CLASS = YES_ERROR;
				CLANG_WARN_SUSPICIOUS_MOVE = YES;
				CLANG_WARN_UNREACHABLE_CODE = YES;
				CLANG_WARN__DUPLICATE_METHOD_MATCH = YES;
				"CODE_SIGN_IDENTITY[sdk=iphoneos*]" = "iPhone Developer";
				COPY_PHASE_STRIP = NO;
				DEBUG_INFORMATION_FORMAT = "dwarf-with-dsym";
				ENABLE_NS_ASSERTIONS = NO;
				ENABLE_STRICT_OBJC_MSGSEND = YES;
				GCC_C_LANGUAGE_STANDARD = gnu99;
				GCC_NO_COMMON_BLOCKS = YES;
				GCC_WARN_64_TO_32_BIT_CONVERSION = YES;
				GCC_WARN_ABOUT_RETURN_TYPE = YES_ERROR;
				GCC_WARN_UNDECLARED_SELECTOR = YES;
				GCC_WARN_UNINITIALIZED_AUTOS = YES_AGGRESSIVE;
				GCC_WARN_UNUSED_FUNCTION = YES;
				GCC_WARN_UNUSED_VARIABLE = YES;
				IPHONEOS_DEPLOYMENT_TARGET = 10.3;
				MTL_ENABLE_DEBUG_INFO = NO;
				SDKROOT = iphoneos;
				SWIFT_OPTIMIZATION_LEVEL = "-Owholemodule";
				TARGETED_DEVICE_FAMILY = "1,2";
				VALIDATE_PRODUCT = YES;
			};
			name = Release;
		};
		EBB79D4D1ED6F7EE0037085E /* Debug */ = {
			isa = XCBuildConfiguration;
			buildSettings = {
				ASSETCATALOG_COMPILER_APPICON_NAME = AppIcon;
				INFOPLIST_FILE = Waffle/Info.plist;
				LD_RUNPATH_SEARCH_PATHS = "$(inherited) @executable_path/Frameworks";
				PRODUCT_BUNDLE_IDENTIFIER = com.codereaper.Waffle;
				PRODUCT_NAME = "$(TARGET_NAME)";
				SWIFT_VERSION = 3.0;
			};
			name = Debug;
		};
		EBB79D4E1ED6F7EE0037085E /* Release */ = {
			isa = XCBuildConfiguration;
			buildSettings = {
				ASSETCATALOG_COMPILER_APPICON_NAME = AppIcon;
				INFOPLIST_FILE = Waffle/Info.plist;
				LD_RUNPATH_SEARCH_PATHS = "$(inherited) @executable_path/Frameworks";
				PRODUCT_BUNDLE_IDENTIFIER = com.codereaper.Waffle;
				PRODUCT_NAME = "$(TARGET_NAME)";
				SWIFT_VERSION = 3.0;
			};
			name = Release;
		};
		EBB79D501ED6F7EE0037085E /* Debug */ = {
			isa = XCBuildConfiguration;
			buildSettings = {
				ALWAYS_EMBED_SWIFT_STANDARD_LIBRARIES = YES;
				BUNDLE_LOADER = "$(TEST_HOST)";
				INFOPLIST_FILE = WaffleTests/Info.plist;
				LD_RUNPATH_SEARCH_PATHS = "$(inherited) @executable_path/Frameworks @loader_path/Frameworks";
				PRODUCT_BUNDLE_IDENTIFIER = com.codereaper.WaffleTests;
				PRODUCT_NAME = "$(TARGET_NAME)";
				SWIFT_VERSION = 3.0;
				TEST_HOST = "$(BUILT_PRODUCTS_DIR)/Waffle.app/Waffle";
			};
			name = Debug;
		};
		EBB79D511ED6F7EE0037085E /* Release */ = {
			isa = XCBuildConfiguration;
			buildSettings = {
				ALWAYS_EMBED_SWIFT_STANDARD_LIBRARIES = YES;
				BUNDLE_LOADER = "$(TEST_HOST)";
				INFOPLIST_FILE = WaffleTests/Info.plist;
				LD_RUNPATH_SEARCH_PATHS = "$(inherited) @executable_path/Frameworks @loader_path/Frameworks";
				PRODUCT_BUNDLE_IDENTIFIER = com.codereaper.WaffleTests;
				PRODUCT_NAME = "$(TARGET_NAME)";
				SWIFT_VERSION = 3.0;
				TEST_HOST = "$(BUILT_PRODUCTS_DIR)/Waffle.app/Waffle";
			};
			name = Release;
		};
/* End XCBuildConfiguration section */

/* Begin XCConfigurationList section */
		EBB79D2A1ED6F7ED0037085E /* Build configuration list for PBXProject "Waffle" */ = {
			isa = XCConfigurationList;
			buildConfigurations = (
				EBB79D4A1ED6F7EE0037085E /* Debug */,
				EBB79D4B1ED6F7EE0037085E /* Release */,
			);
			defaultConfigurationIsVisible = 0;
			defaultConfigurationName = Release;
		};
		EBB79D4C1ED6F7EE0037085E /* Build configuration list for PBXNativeTarget "Waffle" */ = {
			isa = XCConfigurationList;
			buildConfigurations = (
				EBB79D4D1ED6F7EE0037085E /* Debug */,
				EBB79D4E1ED6F7EE0037085E /* Release */,
			);
			defaultConfigurationIsVisible = 0;
			defaultConfigurationName = Release;
		};
		EBB79D4F1ED6F7EE0037085E /* Build configuration list for PBXNativeTarget "WaffleTests" */ = {
			isa = XCConfigurationList;
			buildConfigurations = (
				EBB79D501ED6F7EE0037085E /* Debug */,
				EBB79D511ED6F7EE0037085E /* Release */,
			);
			defaultConfigurationIsVisible = 0;
			defaultConfigurationName = Release;
		};
/* End XCConfigurationList section */
	};
	rootObject = EBB79D271ED6F7ED0037085E /* Project object */;
}
